
Microsoft Visual Studio Solution File, Format Version 12.00
# Visual Studio 15
VisualStudioVersion = 15.0.28010.2016
MinimumVisualStudioVersion = 10.0.40219.1
Project("{9A19103F-16F7-4668-BE54-9A1E7A4F7556}") = "SurveyServer", "SurveyServer\SurveyServer.csproj", "{50BC7FB0-4229-4ED4-A1FF-47FC4EDE413D}"
EndProject
Global
	GlobalSection(SolutionConfigurationPlatforms) = preSolution
		Debug|Any CPU = Debug|Any CPU
		Release|Any CPU = Release|Any CPU
	EndGlobalSection
	GlobalSection(ProjectConfigurationPlatforms) = postSolution
		{50BC7FB0-4229-4ED4-A1FF-47FC4EDE413D}.Debug|Any CPU.ActiveCfg = Debug|Any CPU
		{50BC7FB0-4229-4ED4-A1FF-47FC4EDE413D}.Debug|Any CPU.Build.0 = Debug|Any CPU
		{50BC7FB0-4229-4ED4-A1FF-47FC4EDE413D}.Release|Any CPU.ActiveCfg = Release|Any CPU
		{50BC7FB0-4229-4ED4-A1FF-47FC4EDE413D}.Release|Any CPU.Build.0 = Release|Any CPU
	EndGlobalSection
	GlobalSection(SolutionProperties) = preSolution
		HideSolutionNode = FALSE
	EndGlobalSection
	GlobalSection(ExtensibilityGlobals) = postSolution
		SolutionGuid = {892C8C4E-ED89-41A6-8944-52A5FAD23A45}
	EndGlobalSection
EndGlobal
